	<Project xmlns="http://schemas.microsoft.com/developer/msbuild/2003">
		<PropertyGroup>
			<ProjectGuid>{5762F6A7-9F7B-49B3-B64D-F5305905B066}</ProjectGuid>
			<ProjectVersion>13.4</ProjectVersion>
			<FrameworkType>VCL</FrameworkType>
			<MainSource>Panificadora.dpr</MainSource>
			<Base>True</Base>
			<Config Condition="'$(Config)'==''">Debug</Config>
			<Platform Condition="'$(Platform)'==''">Win32</Platform>
			<TargetedPlatforms>1</TargetedPlatforms>
			<AppType>Application</AppType>
		</PropertyGroup>
		<PropertyGroup Condition="'$(Config)'=='Base' or '$(Base)'!=''">
			<Base>true</Base>
		</PropertyGroup>
		<PropertyGroup Condition="('$(Platform)'=='Win64' and '$(Base)'=='true') or '$(Base_Win64)'!=''">
			<Base_Win64>true</Base_Win64>
			<CfgParent>Base</CfgParent>
			<Base>true</Base>
		</PropertyGroup>
		<PropertyGroup Condition="('$(Platform)'=='Win32' and '$(Base)'=='true') or '$(Base_Win32)'!=''">
			<Base_Win32>true</Base_Win32>
			<CfgParent>Base</CfgParent>
			<Base>true</Base>
		</PropertyGroup>
		<PropertyGroup Condition="'$(Config)'=='Debug' or '$(Cfg_1)'!=''">
			<Cfg_1>true</Cfg_1>
			<CfgParent>Base</CfgParent>
			<Base>true</Base>
		</PropertyGroup>
		<PropertyGroup Condition="('$(Platform)'=='Win32' and '$(Cfg_1)'=='true') or '$(Cfg_1_Win32)'!=''">
			<Cfg_1_Win32>true</Cfg_1_Win32>
			<CfgParent>Cfg_1</CfgParent>
			<Cfg_1>true</Cfg_1>
			<Base>true</Base>
		</PropertyGroup>
		<PropertyGroup Condition="'$(Config)'=='Release' or '$(Cfg_2)'!=''">
			<Cfg_2>true</Cfg_2>
			<CfgParent>Base</CfgParent>
			<Base>true</Base>
		</PropertyGroup>
		<PropertyGroup Condition="'$(Base)'!=''">
			<DCC_UsePackage>bindcompfmx;fmx;rtl;dbrtl;IndySystem;DbxClientDriver;bindcomp;inetdb;DBXInterBaseDriver;DataSnapCommon;DataSnapClient;DataSnapServer;DataSnapProviderClient;xmlrtl;ibxpress;DbxCommonDriver;IndyProtocols;DBXMySQLDriver;dbxcds;soaprtl;bindengine;DBXOracleDriver;dsnap;DBXInformixDriver;IndyCore;fmxase;CloudService;DBXFirebirdDriver;inet;fmxobj;inetdbxpress;DBXSybaseASADriver;fmxdae;dbexpress;DataSnapIndy10ServerTransport;IPIndyImpl;$(DCC_UsePackage)</DCC_UsePackage>
			<Icon_MainIcon>$(BDS)\bin\delphi_PROJECTICON.ico</Icon_MainIcon>
			<DCC_Namespace>System;Xml;Data;Datasnap;Web;Soap;Vcl;Vcl.Imaging;Vcl.Touch;Vcl.Samples;Vcl.Shell;$(DCC_Namespace)</DCC_Namespace>
			<DCC_DcuOutput>.\$(Platform)\$(Config)</DCC_DcuOutput>
			<DCC_ExeOutput>.\$(Platform)\$(Config)</DCC_ExeOutput>
			<DCC_E>false</DCC_E>
			<DCC_N>false</DCC_N>
			<DCC_S>false</DCC_S>
			<DCC_F>false</DCC_F>
			<DCC_K>false</DCC_K>
		</PropertyGroup>
		<PropertyGroup Condition="'$(Base_Win64)'!=''">
			<DCC_UsePackage>ZComponent;ZDbc;TeeDB;ZPlain;vclib;Tee;DBXOdbcDriver;DBXSybaseASEDriver;vclimg;vclactnband;vcldb;TeeUI;bindcompvcl;vcldsnap;vclie;ZCore;vcltouch;DBXDb2Driver;websnap;VclSmp;vcl;DataSnapConnectors;DBXMSSQLDriver;dsnapcon;ZParseSql;vclx;webdsnap;adortl;$(DCC_UsePackage)</DCC_UsePackage>
		</PropertyGroup>
		<PropertyGroup Condition="'$(Base_Win32)'!=''">
			<DCC_UsePackage>ZComponent;vcldbx;ZDbc;TeeDB;ZPlain;vclib;inetdbbde;Tee;DBXOdbcDriver;svnui;DBXSybaseASEDriver;vclimg;intrawebdb_120_160;fmi;vclactnband;FMXTee;vcldb;TeeUI;bindcompvcl;vcldsnap;vclie;ZCore;vcltouch;Intraweb_120_160;DBXDb2Driver;websnap;vclribbon;VclSmp;vcl;DataSnapConnectors;DBXMSSQLDriver;FmxTeeUI;dsnapcon;ZParseSql;vclx;webdsnap;svn;bdertl;adortl;$(DCC_UsePackage)</DCC_UsePackage>
			<VerInfo_IncludeVerInfo>true</VerInfo_IncludeVerInfo>
			<DCC_Namespace>Winapi;System.Win;Data.Win;Datasnap.Win;Web.Win;Soap.Win;Xml.Win;Bde;$(DCC_Namespace)</DCC_Namespace>
			<VerInfo_Locale>1033</VerInfo_Locale>
			<Manifest_File>$(BDS)\bin\default_app.manifest</Manifest_File>
			<VerInfo_Keys>CompanyName=;FileDescription=;FileVersion=1.0.0.0;InternalName=;LegalCopyright=;LegalTrademarks=;OriginalFilename=;ProductName=;ProductVersion=1.0.0.0;Comments=</VerInfo_Keys>
		</PropertyGroup>
		<PropertyGroup Condition="'$(Cfg_1)'!=''">
			<DCC_Define>DEBUG;$(DCC_Define)</DCC_Define>
			<DCC_Optimize>false</DCC_Optimize>
			<DCC_GenerateStackFrames>true</DCC_GenerateStackFrames>
			<DCC_DebugInfoInExe>true</DCC_DebugInfoInExe>
			<DCC_RemoteDebug>true</DCC_RemoteDebug>
		</PropertyGroup>
		<PropertyGroup Condition="'$(Cfg_1_Win32)'!=''">
			<VerInfo_IncludeVerInfo>true</VerInfo_IncludeVerInfo>
			<Icon_MainIcon>Panificadora_Icon.ico</Icon_MainIcon>
			<VerInfo_Locale>1033</VerInfo_Locale>
			<DCC_RemoteDebug>false</DCC_RemoteDebug>
		</PropertyGroup>
		<PropertyGroup Condition="'$(Cfg_2)'!=''">
			<DCC_LocalDebugSymbols>false</DCC_LocalDebugSymbols>
			<DCC_Define>RELEASE;$(DCC_Define)</DCC_Define>
			<DCC_SymbolReferenceInfo>0</DCC_SymbolReferenceInfo>
			<DCC_DebugInformation>false</DCC_DebugInformation>
		</PropertyGroup>
		<ItemGroup>
			<DelphiCompile Include="$(MainSource)">
				<MainSource>MainSource</MainSource>
			</DelphiCompile>
			<DCCReference Include="Relatorio_caixa.pas">
				<Form>Form_relatoriocx</Form>
				<FormType>dfm</FormType>
			</DCCReference>
			<DCCReference Include="alterar_clientes.pas">
				<Form>Form_ConsultaClientes</Form>
			</DCCReference>
			<DCCReference Include="Cad_Cidade.pas">
				<Form>Form_AlterarFornecedores</Form>
			</DCCReference>
			<DCCReference Include="Cad_Estado.pas">
				<Form>Form_CadUsuarios</Form>
			</DCCReference>
			<DCCReference Include="Cad_Geral.pas">
				<Form>Form_Cadgeral</Form>
			</DCCReference>
			<DCCReference Include="Cad_Produto.pas">
				<Form>Form_CadProduto</Form>
			</DCCReference>
			<DCCReference Include="caixa.pas">
				<Form>Form_pdv</Form>
			</DCCReference>
			<DCCReference Include="clientes.pas">
				<Form>Form_Clientes</Form>
			</DCCReference>
			<DCCReference Include="Con_Clientes.pas">
				<Form>Form_EditarPro</Form>
			</DCCReference>
			<DCCReference Include="Confornecedores.pas">
				<Form>Form_ConFornecedores</Form>
			</DCCReference>
			<DCCReference Include="Consulta_Produto.pas">
				<Form>Form_ConProduto</Form>
			</DCCReference>
			<DCCReference Include="fechar_caixa.pas">
				<Form>Form_fecharcx</Form>
			</DCCReference>
			<DCCReference Include="fina_caixa.pas">
				<Form>Form_Final</Form>
			</DCCReference>
			<DCCReference Include="fornecedores.pas">
				<Form>Form_fornecedore</Form>
			</DCCReference>
			<DCCReference Include="Login.pas">
				<Form>Form_Login</Form>
			</DCCReference>
			<DCCReference Include="padocks.pas">
				<Form>Form_pesquisapro</Form>
			</DCCReference>
			<DCCReference Include="Principal.pas">
				<Form>Form_Principal</Form>
			</DCCReference>
			<DCCReference Include="relatorio_clientes.pas">
				<Form>Form_relatoriocli</Form>
			</DCCReference>
			<DCCReference Include="relatorio_fornecedores.pas">
				<Form>Form_relatorioFor</Form>
			</DCCReference>
			<DCCReference Include="teste.pas">
				<Form>Form_entracx</Form>
			</DCCReference>
			<DCCReference Include="Trasacao.pas">
				<Form>Form_CadFornecedores</Form>
			</DCCReference>
			<DCCReference Include="UDM.pas">
				<Form>DM</Form>
				<DesignClass>TDataModule</DesignClass>
			</DCCReference>
			<DCCReference Include="Relatorio_san.pas">
				<Form>Form_relatoriosan</Form>
				<FormType>dfm</FormType>
			</DCCReference>
			<DCCReference Include="mov_caixa.pas">
				<Form>Form_movicaixa</Form>
				<FormType>dfm</FormType>
			</DCCReference>
			<DCCReference Include="Relatorio_caixa_apre.pas">
				<Form>Form_relatiocx1</Form>
				<FormType>dfm</FormType>
			</DCCReference>
			<DCCReference Include="Relatorio_caixaFinal.pas">
				<Form>Form_RelatorioCaixa</Form>
				<FormType>dfm</FormType>
			</DCCReference>
			<DCCReference Include="relatorio_cli_apre.pas">
				<Form>Form_Cliente</Form>
				<FormType>dfm</FormType>
			</DCCReference>
			<DCCReference Include="relatorio_for_apre.pas">
				<Form>Form_rela_forne</Form>
				<FormType>dfm</FormType>
			</DCCReference>
			<DCCReference Include="relatorio_cli.pas">
				<Form>Form_clientes_apre</Form>
				<FormType>dfm</FormType>
			</DCCReference>
			<DCCReference Include="usuarios.pas">
				<Form>Form_usuarios</Form>
				<FormType>dfm</FormType>
			</DCCReference>
			<DCCReference Include="sobre.pas">
				<Form>Form_sobre</Form>
				<FormType>dfm</FormType>
			</DCCReference>
			<DCCReference Include="backup.pas">
				<Form>Form_backup</Form>
				<FormType>dfm</FormType>
			</DCCReference>
			<DCCReference Include="ajuda.pas">
				<Form>Form_ajuda</Form>
				<FormType>dfm</FormType>
			</DCCReference>
			<DCCReference Include="mensagens_erro.pas">
				<Form>Form_mensagens</Form>
				<FormType>dfm</FormType>
			</DCCReference>
			<DCCReference Include="suporte.pas">
				<Form>Form_contato</Form>
				<FormType>dfm</FormType>
			</DCCReference>
			<DCCReference Include="Alt_usuario.pas">
				<Form>Form_alt_usuario</Form>
				<FormType>dfm</FormType>
			</DCCReference>
			<BuildConfiguration Include="Release">
				<Key>Cfg_2</Key>
				<CfgParent>Base</CfgParent>
			</BuildConfiguration>
			<BuildConfiguration Include="Base">
				<Key>Base</Key>
			</BuildConfiguration>
			<BuildConfiguration Include="Debug">
				<Key>Cfg_1</Key>
				<CfgParent>Base</CfgParent>
			</BuildConfiguration>
		</ItemGroup>
		<ProjectExtensions>
			<Borland.Personality>Delphi.Personality.12</Borland.Personality>
			<Borland.ProjectType/>
			<BorlandProject>
				<Delphi.Personality>
					<VersionInfo>
						<VersionInfo Name="IncludeVerInfo">False</VersionInfo>
						<VersionInfo Name="AutoIncBuild">False</VersionInfo>
						<VersionInfo Name="MajorVer">1</VersionInfo>
						<VersionInfo Name="MinorVer">0</VersionInfo>
						<VersionInfo Name="Release">0</VersionInfo>
						<VersionInfo Name="Build">0</VersionInfo>
						<VersionInfo Name="Debug">False</VersionInfo>
						<VersionInfo Name="PreRelease">False</VersionInfo>
						<VersionInfo Name="Special">False</VersionInfo>
						<VersionInfo Name="Private">False</VersionInfo>
						<VersionInfo Name="DLL">False</VersionInfo>
						<VersionInfo Name="Locale">1046</VersionInfo>
						<VersionInfo Name="CodePage">1252</VersionInfo>
					</VersionInfo>
					<VersionInfoKeys>
						<VersionInfoKeys Name="CompanyName"/>
						<VersionInfoKeys Name="FileDescription"/>
						<VersionInfoKeys Name="FileVersion">1.0.0.0</VersionInfoKeys>
						<VersionInfoKeys Name="InternalName"/>
						<VersionInfoKeys Name="LegalCopyright"/>
						<VersionInfoKeys Name="LegalTrademarks"/>
						<VersionInfoKeys Name="OriginalFilename"/>
						<VersionInfoKeys Name="ProductName"/>
						<VersionInfoKeys Name="ProductVersion">1.0.0.0</VersionInfoKeys>
						<VersionInfoKeys Name="Comments"/>
					</VersionInfoKeys>
					<Excluded_Packages>
						<Excluded_Packages Name="$(BDSBIN)\dcloffice2k160.bpl">Microsoft Office 2000 Sample Automation Server Wrapper Components</Excluded_Packages>
						<Excluded_Packages Name="$(BDSBIN)\dclofficexp160.bpl">Microsoft Office XP Sample Automation Server Wrapper Components</Excluded_Packages>
					</Excluded_Packages>
					<Source>
						<Source Name="MainSource">Panificadora.dpr</Source>
					</Source>
				</Delphi.Personality>
				<Deployment/>
				<Platforms>
					<Platform value="Win64">False</Platform>
					<Platform value="Win32">True</Platform>
				</Platforms>
			</BorlandProject>
			<ProjectFileVersion>12</ProjectFileVersion>
		</ProjectExtensions>
		<Import Condition="Exists('$(BDS)\Bin\CodeGear.Delphi.Targets')" Project="$(BDS)\Bin\CodeGear.Delphi.Targets"/>
		<Import Condition="Exists('$(APPDATA)\Embarcadero\$(BDSAPPDATABASEDIR)\$(PRODUCTVERSION)\UserTools.proj')" Project="$(APPDATA)\Embarcadero\$(BDSAPPDATABASEDIR)\$(PRODUCTVERSION)\UserTools.proj"/>
	</Project>
